
Microsoft Visual Studio Solution File, Format Version 12.00
# Visual Studio 15
VisualStudioVersion = 15.0.27004.2009
MinimumVisualStudioVersion = 10.0.40219.1
Project("{FAE04EC0-301F-11D3-BF4B-00C04F79EFBC}") = "Petrovich.Web", "Petrovich.Web\Petrovich.Web.csproj", "{D7683FDE-DB30-4F43-978A-50E27A921C99}"
EndProject
Project("{FAE04EC0-301F-11D3-BF4B-00C04F79EFBC}") = "Petrovich.Web.Tests", "Petrovich.Web.Tests\Petrovich.Web.Tests.csproj", "{1179D5C7-8D7E-481D-A899-00E9D34B0EB6}"
EndProject
Project("{FAE04EC0-301F-11D3-BF4B-00C04F79EFBC}") = "Petrovich.Core", "Petrovich.Core\Petrovich.Core.csproj", "{0363A4E5-86AA-4D11-ACDE-273111E82A23}"
EndProject
Project("{FAE04EC0-301F-11D3-BF4B-00C04F79EFBC}") = "Petrovich.Core.Tests", "Petrovich.Core.Tests\Petrovich.Core.Tests.csproj", "{41E82DAB-3737-4BCB-829F-696002CD42EC}"
EndProject
Project("{FAE04EC0-301F-11D3-BF4B-00C04F79EFBC}") = "Petrovich.Business", "Petrovich.Business\Petrovich.Business.csproj", "{B0E09655-38CB-49E2-B060-34990431C29C}"
EndProject
Project("{FAE04EC0-301F-11D3-BF4B-00C04F79EFBC}") = "Petrovich.Repositories", "Petrovich.Repositories\Petrovich.Repositories.csproj", "{3C3AB191-33DB-4818-AF64-695AF83F2D5E}"
EndProject
Project("{FAE04EC0-301F-11D3-BF4B-00C04F79EFBC}") = "Petrovich.Context", "Petrovich.Context\Petrovich.Context.csproj", "{2D498F3E-937C-4382-95E4-C0C778A45323}"
EndProject
Project("{FAE04EC0-301F-11D3-BF4B-00C04F79EFBC}") = "Petrovich.Business.Tests", "Petrovich.Business.Tests\Petrovich.Business.Tests.csproj", "{AA4E54BE-3D86-4135-8AE1-4F43A6D72068}"
EndProject
Project("{FAE04EC0-301F-11D3-BF4B-00C04F79EFBC}") = "Petrovich.Repositories.Tests", "Petrovich.Repositories.Tests\Petrovich.Repositories.Tests.csproj", "{CF1EE7A9-C4DB-4E51-BF10-289B1275F1B9}"
EndProject
Project("{FAE04EC0-301F-11D3-BF4B-00C04F79EFBC}") = "Petrovich.DataSource", "Petrovich.DataSource\Petrovich.DataSource.csproj", "{4D7F63D5-757F-40E6-B14A-4D218D3936A4}"
EndProject
Project("{FAE04EC0-301F-11D3-BF4B-00C04F79EFBC}") = "Petrovich.DataSource.Tests", "Petrovich.DataSource.Tests\Petrovich.DataSource.Tests.csproj", "{FB385AF3-4AC7-41B0-A638-C1E9F20354B6}"
EndProject
Global
	GlobalSection(SolutionConfigurationPlatforms) = preSolution
		Debug|Any CPU = Debug|Any CPU
		Release|Any CPU = Release|Any CPU
	EndGlobalSection
	GlobalSection(ProjectConfigurationPlatforms) = postSolution
		{D7683FDE-DB30-4F43-978A-50E27A921C99}.Debug|Any CPU.ActiveCfg = Debug|Any CPU
		{D7683FDE-DB30-4F43-978A-50E27A921C99}.Debug|Any CPU.Build.0 = Debug|Any CPU
		{D7683FDE-DB30-4F43-978A-50E27A921C99}.Release|Any CPU.ActiveCfg = Release|Any CPU
		{D7683FDE-DB30-4F43-978A-50E27A921C99}.Release|Any CPU.Build.0 = Release|Any CPU
		{1179D5C7-8D7E-481D-A899-00E9D34B0EB6}.Debug|Any CPU.ActiveCfg = Debug|Any CPU
		{1179D5C7-8D7E-481D-A899-00E9D34B0EB6}.Debug|Any CPU.Build.0 = Debug|Any CPU
		{1179D5C7-8D7E-481D-A899-00E9D34B0EB6}.Release|Any CPU.ActiveCfg = Release|Any CPU
		{1179D5C7-8D7E-481D-A899-00E9D34B0EB6}.Release|Any CPU.Build.0 = Release|Any CPU
		{0363A4E5-86AA-4D11-ACDE-273111E82A23}.Debug|Any CPU.ActiveCfg = Debug|Any CPU
		{0363A4E5-86AA-4D11-ACDE-273111E82A23}.Debug|Any CPU.Build.0 = Debug|Any CPU
		{0363A4E5-86AA-4D11-ACDE-273111E82A23}.Release|Any CPU.ActiveCfg = Release|Any CPU
		{0363A4E5-86AA-4D11-ACDE-273111E82A23}.Release|Any CPU.Build.0 = Release|Any CPU
		{41E82DAB-3737-4BCB-829F-696002CD42EC}.Debug|Any CPU.ActiveCfg = Debug|Any CPU
		{41E82DAB-3737-4BCB-829F-696002CD42EC}.Debug|Any CPU.Build.0 = Debug|Any CPU
		{41E82DAB-3737-4BCB-829F-696002CD42EC}.Release|Any CPU.ActiveCfg = Release|Any CPU
		{41E82DAB-3737-4BCB-829F-696002CD42EC}.Release|Any CPU.Build.0 = Release|Any CPU
		{B0E09655-38CB-49E2-B060-34990431C29C}.Debug|Any CPU.ActiveCfg = Debug|Any CPU
		{B0E09655-38CB-49E2-B060-34990431C29C}.Debug|Any CPU.Build.0 = Debug|Any CPU
		{B0E09655-38CB-49E2-B060-34990431C29C}.Release|Any CPU.ActiveCfg = Release|Any CPU
		{B0E09655-38CB-49E2-B060-34990431C29C}.Release|Any CPU.Build.0 = Release|Any CPU
		{3C3AB191-33DB-4818-AF64-695AF83F2D5E}.Debug|Any CPU.ActiveCfg = Debug|Any CPU
		{3C3AB191-33DB-4818-AF64-695AF83F2D5E}.Debug|Any CPU.Build.0 = Debug|Any CPU
		{3C3AB191-33DB-4818-AF64-695AF83F2D5E}.Release|Any CPU.ActiveCfg = Release|Any CPU
		{3C3AB191-33DB-4818-AF64-695AF83F2D5E}.Release|Any CPU.Build.0 = Release|Any CPU
		{2D498F3E-937C-4382-95E4-C0C778A45323}.Debug|Any CPU.ActiveCfg = Debug|Any CPU
		{2D498F3E-937C-4382-95E4-C0C778A45323}.Debug|Any CPU.Build.0 = Debug|Any CPU
		{2D498F3E-937C-4382-95E4-C0C778A45323}.Release|Any CPU.ActiveCfg = Release|Any CPU
		{2D498F3E-937C-4382-95E4-C0C778A45323}.Release|Any CPU.Build.0 = Release|Any CPU
		{AA4E54BE-3D86-4135-8AE1-4F43A6D72068}.Debug|Any CPU.ActiveCfg = Debug|Any CPU
		{AA4E54BE-3D86-4135-8AE1-4F43A6D72068}.Debug|Any CPU.Build.0 = Debug|Any CPU
		{AA4E54BE-3D86-4135-8AE1-4F43A6D72068}.Release|Any CPU.ActiveCfg = Release|Any CPU
		{AA4E54BE-3D86-4135-8AE1-4F43A6D72068}.Release|Any CPU.Build.0 = Release|Any CPU
		{CF1EE7A9-C4DB-4E51-BF10-289B1275F1B9}.Debug|Any CPU.ActiveCfg = Debug|Any CPU
		{CF1EE7A9-C4DB-4E51-BF10-289B1275F1B9}.Debug|Any CPU.Build.0 = Debug|Any CPU
		{CF1EE7A9-C4DB-4E51-BF10-289B1275F1B9}.Release|Any CPU.ActiveCfg = Release|Any CPU
		{CF1EE7A9-C4DB-4E51-BF10-289B1275F1B9}.Release|Any CPU.Build.0 = Release|Any CPU
		{4D7F63D5-757F-40E6-B14A-4D218D3936A4}.Debug|Any CPU.ActiveCfg = Debug|Any CPU
		{4D7F63D5-757F-40E6-B14A-4D218D3936A4}.Debug|Any CPU.Build.0 = Debug|Any CPU
		{4D7F63D5-757F-40E6-B14A-4D218D3936A4}.Release|Any CPU.ActiveCfg = Release|Any CPU
		{4D7F63D5-757F-40E6-B14A-4D218D3936A4}.Release|Any CPU.Build.0 = Release|Any CPU
		{FB385AF3-4AC7-41B0-A638-C1E9F20354B6}.Debug|Any CPU.ActiveCfg = Debug|Any CPU
		{FB385AF3-4AC7-41B0-A638-C1E9F20354B6}.Debug|Any CPU.Build.0 = Debug|Any CPU
		{FB385AF3-4AC7-41B0-A638-C1E9F20354B6}.Release|Any CPU.ActiveCfg = Release|Any CPU
		{FB385AF3-4AC7-41B0-A638-C1E9F20354B6}.Release|Any CPU.Build.0 = Release|Any CPU
	EndGlobalSection
	GlobalSection(SolutionProperties) = preSolution
		HideSolutionNode = FALSE
	EndGlobalSection
	GlobalSection(ExtensibilityGlobals) = postSolution
		SolutionGuid = {4E61F523-0BA9-4FF5-B28B-E0054714C23F}
	EndGlobalSection
EndGlobal
